
Microsoft Visual Studio Solution File, Format Version 12.00
# Visual Studio Version 17
VisualStudioVersion = 17.7.34031.279
MinimumVisualStudioVersion = 10.0.40219.1
Project("{2150E333-8FDC-42A3-9474-1A3956D46DE8}") = "src", "src", "{0CA9FB56-8FA8-4C2F-80A9-ED04F96EF99D}"
EndProject
Project("{9A19103F-16F7-4668-BE54-9A1E7A4F7556}") = "Client", "src\Client\Client.csproj", "{4F479402-5C28-49B4-9C39-8ECF32135E4F}"
EndProject
Project("{9A19103F-16F7-4668-BE54-9A1E7A4F7556}") = "Domain", "src\Domain\Domain.csproj", "{9EF42780-AE59-47CC-917B-0F096CC39DB8}"
EndProject
Project("{9A19103F-16F7-4668-BE54-9A1E7A4F7556}") = "Fakers", "src\Fakers\Fakers.csproj", "{4CA957FD-83D0-44EA-BB29-087E405AC371}"
EndProject
Project("{9A19103F-16F7-4668-BE54-9A1E7A4F7556}") = "Persistence", "src\Persistence\Persistence.csproj", "{5E813CDA-5D18-4453-96A6-2C1263D851AF}"
EndProject
Project("{9A19103F-16F7-4668-BE54-9A1E7A4F7556}") = "Server", "src\Server\Server.csproj", "{FCA555EC-5935-4C94-9035-49F5783C5DFF}"
EndProject
Project("{9A19103F-16F7-4668-BE54-9A1E7A4F7556}") = "Service", "src\Service\Service.csproj", "{CBAABBAD-4ADB-45AD-B1ED-87145471BFC0}"
EndProject
Project("{9A19103F-16F7-4668-BE54-9A1E7A4F7556}") = "Shared", "src\Shared\Shared.csproj", "{F5D931E0-4290-459D-B59C-B19A126E0354}"
EndProject
Global
	GlobalSection(SolutionConfigurationPlatforms) = preSolution
		Debug|Any CPU = Debug|Any CPU
		Release|Any CPU = Release|Any CPU
	EndGlobalSection
	GlobalSection(ProjectConfigurationPlatforms) = postSolution
		{4F479402-5C28-49B4-9C39-8ECF32135E4F}.Debug|Any CPU.ActiveCfg = Debug|Any CPU
		{4F479402-5C28-49B4-9C39-8ECF32135E4F}.Debug|Any CPU.Build.0 = Debug|Any CPU
		{4F479402-5C28-49B4-9C39-8ECF32135E4F}.Release|Any CPU.ActiveCfg = Release|Any CPU
		{4F479402-5C28-49B4-9C39-8ECF32135E4F}.Release|Any CPU.Build.0 = Release|Any CPU
		{9EF42780-AE59-47CC-917B-0F096CC39DB8}.Debug|Any CPU.ActiveCfg = Debug|Any CPU
		{9EF42780-AE59-47CC-917B-0F096CC39DB8}.Debug|Any CPU.Build.0 = Debug|Any CPU
		{9EF42780-AE59-47CC-917B-0F096CC39DB8}.Release|Any CPU.ActiveCfg = Release|Any CPU
		{9EF42780-AE59-47CC-917B-0F096CC39DB8}.Release|Any CPU.Build.0 = Release|Any CPU
		{4CA957FD-83D0-44EA-BB29-087E405AC371}.Debug|Any CPU.ActiveCfg = Debug|Any CPU
		{4CA957FD-83D0-44EA-BB29-087E405AC371}.Debug|Any CPU.Build.0 = Debug|Any CPU
		{4CA957FD-83D0-44EA-BB29-087E405AC371}.Release|Any CPU.ActiveCfg = Release|Any CPU
		{4CA957FD-83D0-44EA-BB29-087E405AC371}.Release|Any CPU.Build.0 = Release|Any CPU
		{5E813CDA-5D18-4453-96A6-2C1263D851AF}.Debug|Any CPU.ActiveCfg = Debug|Any CPU
		{5E813CDA-5D18-4453-96A6-2C1263D851AF}.Debug|Any CPU.Build.0 = Debug|Any CPU
		{5E813CDA-5D18-4453-96A6-2C1263D851AF}.Release|Any CPU.ActiveCfg = Release|Any CPU
		{5E813CDA-5D18-4453-96A6-2C1263D851AF}.Release|Any CPU.Build.0 = Release|Any CPU
		{FCA555EC-5935-4C94-9035-49F5783C5DFF}.Debug|Any CPU.ActiveCfg = Debug|Any CPU
		{FCA555EC-5935-4C94-9035-49F5783C5DFF}.Debug|Any CPU.Build.0 = Debug|Any CPU
		{FCA555EC-5935-4C94-9035-49F5783C5DFF}.Release|Any CPU.ActiveCfg = Release|Any CPU
		{FCA555EC-5935-4C94-9035-49F5783C5DFF}.Release|Any CPU.Build.0 = Release|Any CPU
		{CBAABBAD-4ADB-45AD-B1ED-87145471BFC0}.Debug|Any CPU.ActiveCfg = Debug|Any CPU
		{CBAABBAD-4ADB-45AD-B1ED-87145471BFC0}.Debug|Any CPU.Build.0 = Debug|Any CPU
		{CBAABBAD-4ADB-45AD-B1ED-87145471BFC0}.Release|Any CPU.ActiveCfg = Release|Any CPU
		{CBAABBAD-4ADB-45AD-B1ED-87145471BFC0}.Release|Any CPU.Build.0 = Release|Any CPU
		{F5D931E0-4290-459D-B59C-B19A126E0354}.Debug|Any CPU.ActiveCfg = Debug|Any CPU
		{F5D931E0-4290-459D-B59C-B19A126E0354}.Debug|Any CPU.Build.0 = Debug|Any CPU
		{F5D931E0-4290-459D-B59C-B19A126E0354}.Release|Any CPU.ActiveCfg = Release|Any CPU
		{F5D931E0-4290-459D-B59C-B19A126E0354}.Release|Any CPU.Build.0 = Release|Any CPU
	EndGlobalSection
	GlobalSection(SolutionProperties) = preSolution
		HideSolutionNode = FALSE
	EndGlobalSection
	GlobalSection(NestedProjects) = preSolution
		{4F479402-5C28-49B4-9C39-8ECF32135E4F} = {0CA9FB56-8FA8-4C2F-80A9-ED04F96EF99D}
		{9EF42780-AE59-47CC-917B-0F096CC39DB8} = {0CA9FB56-8FA8-4C2F-80A9-ED04F96EF99D}
		{4CA957FD-83D0-44EA-BB29-087E405AC371} = {0CA9FB56-8FA8-4C2F-80A9-ED04F96EF99D}
		{5E813CDA-5D18-4453-96A6-2C1263D851AF} = {0CA9FB56-8FA8-4C2F-80A9-ED04F96EF99D}
		{FCA555EC-5935-4C94-9035-49F5783C5DFF} = {0CA9FB56-8FA8-4C2F-80A9-ED04F96EF99D}
		{CBAABBAD-4ADB-45AD-B1ED-87145471BFC0} = {0CA9FB56-8FA8-4C2F-80A9-ED04F96EF99D}
		{F5D931E0-4290-459D-B59C-B19A126E0354} = {0CA9FB56-8FA8-4C2F-80A9-ED04F96EF99D}
	EndGlobalSection
	GlobalSection(ExtensibilityGlobals) = postSolution
		SolutionGuid = {8F0702DA-8D35-4A67-AD24-A12C69D366AA}
	EndGlobalSection
EndGlobal
